
Microsoft Visual Studio Solution File, Format Version 12.00
# Visual Studio Version 17
VisualStudioVersion = 17.6.33723.286
MinimumVisualStudioVersion = 10.0.40219.1
Project("{FAE04EC0-301F-11D3-BF4B-00C04F79EFBC}") = "Game 0", "Game 0\Game 0.csproj", "{BFB44B71-F0AA-4866-BB9F-80896C29CA97}"
EndProject
Global
	GlobalSection(SolutionConfigurationPlatforms) = preSolution
		Debug|Any CPU = Debug|Any CPU
		Release|Any CPU = Release|Any CPU
	EndGlobalSection
	GlobalSection(ProjectConfigurationPlatforms) = postSolution
		{BFB44B71-F0AA-4866-BB9F-80896C29CA97}.Debug|Any CPU.ActiveCfg = Debug|Any CPU
		{BFB44B71-F0AA-4866-BB9F-80896C29CA97}.Debug|Any CPU.Build.0 = Debug|Any CPU
		{BFB44B71-F0AA-4866-BB9F-80896C29CA97}.Release|Any CPU.ActiveCfg = Release|Any CPU
		{BFB44B71-F0AA-4866-BB9F-80896C29CA97}.Release|Any CPU.Build.0 = Release|Any CPU
	EndGlobalSection
	GlobalSection(SolutionProperties) = preSolution
		HideSolutionNode = FALSE
	EndGlobalSection
	GlobalSection(ExtensibilityGlobals) = postSolution
		SolutionGuid = {5A3061E2-3DBB-490E-A548-DE18F92AB06A}
	EndGlobalSection
EndGlobal
